
Microsoft Visual Studio Solution File, Format Version 12.00
# Visual Studio Version 17
VisualStudioVersion = 17.10.35122.118
MinimumVisualStudioVersion = 10.0.40219.1
Project("{9A19103F-16F7-4668-BE54-9A1E7A4F7556}") = "UserService.API", "Microservices\UserService\UserService.API\UserService.API.csproj", "{7C8509E2-AC92-495E-922B-8C8CC713586E}"
EndProject
Project("{9A19103F-16F7-4668-BE54-9A1E7A4F7556}") = "AuthIdentityService", "AuthIdentityService\AuthIdentityService.csproj", "{64E61EE1-CD2A-4C85-861E-9664B0025913}"
EndProject
Project("{2150E333-8FDC-42A3-9474-1A3956D46DE8}") = "Microservices", "Microservices", "{6C99A79D-BAB2-4907-817C-B3625BB7CB2D}"
EndProject
Project("{2150E333-8FDC-42A3-9474-1A3956D46DE8}") = "UserService", "UserService", "{355804FF-D33F-408C-8088-63E6A84464C4}"
EndProject
Project("{2150E333-8FDC-42A3-9474-1A3956D46DE8}") = "EmployeeService", "EmployeeService", "{FCC7ADC4-913B-491B-A138-95AA5B1F56DA}"
EndProject
Project("{2150E333-8FDC-42A3-9474-1A3956D46DE8}") = "WageService", "WageService", "{DDE51AE9-D80C-4875-9BF9-4237F013B387}"
EndProject
Project("{2150E333-8FDC-42A3-9474-1A3956D46DE8}") = "EntityService", "EntityService", "{972B4B9E-8032-45D4-BE08-E3904E2542AF}"
EndProject
Project("{2150E333-8FDC-42A3-9474-1A3956D46DE8}") = "CommonLibrary", "CommonLibrary", "{A0E10ED4-58A1-454B-BE20-C9DBE92E5B14}"
EndProject
Project("{9A19103F-16F7-4668-BE54-9A1E7A4F7556}") = "Payroll.Common", "CommonLibrary\Payroll.Common\Payroll.Common.csproj", "{A2DBC2A1-641C-4D11-9CD0-5613664C5ACC}"
EndProject
Project("{2150E333-8FDC-42A3-9474-1A3956D46DE8}") = "WebApplication", "WebApplication", "{27C35A14-10FF-4FC7-8FE1-182D14DD6E17}"
	ProjectSection(SolutionItems) = preProject
		DBScript.txt = DBScript.txt
	EndProjectSection
EndProject
Project("{9A19103F-16F7-4668-BE54-9A1E7A4F7556}") = "Payroll.WebApp", "WebApplication\Payroll.WebApp\Payroll.WebApp.csproj", "{FD0D890F-50C1-4A5D-8A07-B4072C6FFA4E}"
EndProject
Project("{9A19103F-16F7-4668-BE54-9A1E7A4F7556}") = "Payroll.ApiGateway", "Payroll.ApiGateway\Payroll.ApiGateway.csproj", "{B5E5DF00-539F-40F7-8D44-92D81CDB5702}"
EndProject
Project("{9A19103F-16F7-4668-BE54-9A1E7A4F7556}") = "UserService.DAL", "Microservices\UserService\UserService.DAL\UserService.DAL.csproj", "{9DF6F94D-D581-45DC-9451-1FBC19958744}"
EndProject
Project("{9A19103F-16F7-4668-BE54-9A1E7A4F7556}") = "UserService.BAL", "Microservices\UserService\UserService.BAL\UserService.BAL.csproj", "{F23A8BDF-9D71-42F9-86B3-A038B284A8A9}"
EndProject
Project("{2150E333-8FDC-42A3-9474-1A3956D46DE8}") = "PayrollMasterService", "PayrollMasterService", "{3E7088E4-237D-423E-B965-E5FD8BC1A027}"
EndProject
Project("{9A19103F-16F7-4668-BE54-9A1E7A4F7556}") = "PayrollMasterService.API", "Microservices\PayrollMasterService\PayrollMasterService.API\PayrollMasterService.API.csproj", "{F8193D84-743D-41B7-B1B1-8921D0343B88}"
EndProject
Project("{9A19103F-16F7-4668-BE54-9A1E7A4F7556}") = "PayrollMasterService.BAL", "PayrollMasterService.BAL\PayrollMasterService.BAL.csproj", "{059F9F37-5CD4-48D9-9E26-57877F22CABC}"
EndProject
Project("{9A19103F-16F7-4668-BE54-9A1E7A4F7556}") = "PayrollMasterService.DAL", "PayrollMasterService.DAL\PayrollMasterService.DAL.csproj", "{C8B065F2-EA80-41E4-B9AF-93E62DFB6EC2}"
EndProject
Project("{2150E333-8FDC-42A3-9474-1A3956D46DE8}") = "RoleService", "RoleService", "{26FA66B8-80FD-4838-BBC0-AA3FD131575E}"
EndProject
Project("{9A19103F-16F7-4668-BE54-9A1E7A4F7556}") = "RoleService.API", "Microservices\RoleService\RoleService.API\RoleService.API.csproj", "{D6A0BC0B-3663-4833-8D38-7AA0DE0317D8}"
EndProject
Project("{9A19103F-16F7-4668-BE54-9A1E7A4F7556}") = "RoleService.BAL", "RoleService.BAL\RoleService.BAL.csproj", "{55CD3581-EAA5-43E0-801F-3CCC15B74D4E}"
EndProject
Project("{9A19103F-16F7-4668-BE54-9A1E7A4F7556}") = "RoleService.DAL", "RoleService.DAL\RoleService.DAL.csproj", "{3B837D5C-A1EE-4673-A74F-EB8474AE3295}"
EndProject
Project("{2150E333-8FDC-42A3-9474-1A3956D46DE8}") = "PayrollTransactionService", "PayrollTransactionService", "{8EA5B58B-1A70-494A-82DA-459116B27D13}"
EndProject
Project("{9A19103F-16F7-4668-BE54-9A1E7A4F7556}") = "PayrollTransactionService.BAL", "Microservices\PayrollTransactionService\PayrollTransactionService.BAL\PayrollTransactionService.BAL.csproj", "{EE6704B7-4ADF-4E01-8F18-380B77E41965}"
EndProject
Project("{9A19103F-16F7-4668-BE54-9A1E7A4F7556}") = "PayrollTransactionService.DAL", "Microservices\PayrollTransactionService\PayrollTransactionService.DAL\PayrollTransactionService.DAL.csproj", "{C4AE57E3-E85A-430E-B595-E5FA5902EFF7}"
EndProject
Project("{9A19103F-16F7-4668-BE54-9A1E7A4F7556}") = "PayrollTransactionService.API", "PayrollTransactionService.API\PayrollTransactionService.API.csproj", "{FEA7E077-A9A8-4404-93B9-74EE23C787C0}"
EndProject
Project("{FAE04EC0-301F-11D3-BF4B-00C04F79EFBC}") = "EntityService.API", "Microservices\EntityService\EntityService.API\EntityService.API.csproj", "{8AC7C01F-74F1-4F1A-A05B-8910BB638E7F}"
EndProject
Project("{FAE04EC0-301F-11D3-BF4B-00C04F79EFBC}") = "EntityService.BAL", "Microservices\EntityService\EntityService.BAL\EntityService.BAL.csproj", "{173F341B-5715-41AE-816B-D7028ABB9D37}"
EndProject
Project("{FAE04EC0-301F-11D3-BF4B-00C04F79EFBC}") = "EntityService.DAL", "Microservices\EntityService\EntityService.DAL\EntityService.DAL.csproj", "{64C55A59-5F2F-4523-BFEA-2C053071BE91}"
EndProject
Project("{2150E333-8FDC-42A3-9474-1A3956D46DE8}") = "DataMigrationService", "DataMigrationService", "{13D1A429-BB21-4285-ADEA-D1D264A8B6A5}"
EndProject
Project("{9A19103F-16F7-4668-BE54-9A1E7A4F7556}") = "DataMigrationService.API", "Microservices\DataMigrationService\DataMigrationService.API\DataMigrationService.API.csproj", "{6D9D3C37-C19A-4779-BCA8-C93B70F39275}"
EndProject
Project("{9A19103F-16F7-4668-BE54-9A1E7A4F7556}") = "DataMigrationService.BAL", "Microservices\DataMigrationService\DataMigrationService.BAL\DataMigrationService.BAL.csproj", "{47ECDC85-134D-48D8-88E1-149F773B597F}"
EndProject
Project("{9A19103F-16F7-4668-BE54-9A1E7A4F7556}") = "DataMigrationService.DAL", "Microservices\DataMigrationService\DataMigrationService.DAL\DataMigrationService.DAL.csproj", "{F80E6A27-A327-400C-A35C-867A2EFAD618}"
EndProject
Global
	GlobalSection(SolutionConfigurationPlatforms) = preSolution
		Debug|Any CPU = Debug|Any CPU
		Release|Any CPU = Release|Any CPU
	EndGlobalSection
	GlobalSection(ProjectConfigurationPlatforms) = postSolution
		{7C8509E2-AC92-495E-922B-8C8CC713586E}.Debug|Any CPU.ActiveCfg = Debug|Any CPU
		{7C8509E2-AC92-495E-922B-8C8CC713586E}.Debug|Any CPU.Build.0 = Debug|Any CPU
		{7C8509E2-AC92-495E-922B-8C8CC713586E}.Release|Any CPU.ActiveCfg = Release|Any CPU
		{7C8509E2-AC92-495E-922B-8C8CC713586E}.Release|Any CPU.Build.0 = Release|Any CPU
		{64E61EE1-CD2A-4C85-861E-9664B0025913}.Debug|Any CPU.ActiveCfg = Debug|Any CPU
		{64E61EE1-CD2A-4C85-861E-9664B0025913}.Debug|Any CPU.Build.0 = Debug|Any CPU
		{64E61EE1-CD2A-4C85-861E-9664B0025913}.Release|Any CPU.ActiveCfg = Release|Any CPU
		{64E61EE1-CD2A-4C85-861E-9664B0025913}.Release|Any CPU.Build.0 = Release|Any CPU
		{A2DBC2A1-641C-4D11-9CD0-5613664C5ACC}.Debug|Any CPU.ActiveCfg = Debug|Any CPU
		{A2DBC2A1-641C-4D11-9CD0-5613664C5ACC}.Debug|Any CPU.Build.0 = Debug|Any CPU
		{A2DBC2A1-641C-4D11-9CD0-5613664C5ACC}.Release|Any CPU.ActiveCfg = Release|Any CPU
		{A2DBC2A1-641C-4D11-9CD0-5613664C5ACC}.Release|Any CPU.Build.0 = Release|Any CPU
		{FD0D890F-50C1-4A5D-8A07-B4072C6FFA4E}.Debug|Any CPU.ActiveCfg = Debug|Any CPU
		{FD0D890F-50C1-4A5D-8A07-B4072C6FFA4E}.Debug|Any CPU.Build.0 = Debug|Any CPU
		{FD0D890F-50C1-4A5D-8A07-B4072C6FFA4E}.Release|Any CPU.ActiveCfg = Release|Any CPU
		{FD0D890F-50C1-4A5D-8A07-B4072C6FFA4E}.Release|Any CPU.Build.0 = Release|Any CPU
		{B5E5DF00-539F-40F7-8D44-92D81CDB5702}.Debug|Any CPU.ActiveCfg = Debug|Any CPU
		{B5E5DF00-539F-40F7-8D44-92D81CDB5702}.Debug|Any CPU.Build.0 = Debug|Any CPU
		{B5E5DF00-539F-40F7-8D44-92D81CDB5702}.Release|Any CPU.ActiveCfg = Release|Any CPU
		{B5E5DF00-539F-40F7-8D44-92D81CDB5702}.Release|Any CPU.Build.0 = Release|Any CPU
		{9DF6F94D-D581-45DC-9451-1FBC19958744}.Debug|Any CPU.ActiveCfg = Debug|Any CPU
		{9DF6F94D-D581-45DC-9451-1FBC19958744}.Debug|Any CPU.Build.0 = Debug|Any CPU
		{9DF6F94D-D581-45DC-9451-1FBC19958744}.Release|Any CPU.ActiveCfg = Release|Any CPU
		{9DF6F94D-D581-45DC-9451-1FBC19958744}.Release|Any CPU.Build.0 = Release|Any CPU
		{F23A8BDF-9D71-42F9-86B3-A038B284A8A9}.Debug|Any CPU.ActiveCfg = Debug|Any CPU
		{F23A8BDF-9D71-42F9-86B3-A038B284A8A9}.Debug|Any CPU.Build.0 = Debug|Any CPU
		{F23A8BDF-9D71-42F9-86B3-A038B284A8A9}.Release|Any CPU.ActiveCfg = Release|Any CPU
		{F23A8BDF-9D71-42F9-86B3-A038B284A8A9}.Release|Any CPU.Build.0 = Release|Any CPU
		{F8193D84-743D-41B7-B1B1-8921D0343B88}.Debug|Any CPU.ActiveCfg = Debug|Any CPU
		{F8193D84-743D-41B7-B1B1-8921D0343B88}.Debug|Any CPU.Build.0 = Debug|Any CPU
		{F8193D84-743D-41B7-B1B1-8921D0343B88}.Release|Any CPU.ActiveCfg = Release|Any CPU
		{F8193D84-743D-41B7-B1B1-8921D0343B88}.Release|Any CPU.Build.0 = Release|Any CPU
		{059F9F37-5CD4-48D9-9E26-57877F22CABC}.Debug|Any CPU.ActiveCfg = Debug|Any CPU
		{059F9F37-5CD4-48D9-9E26-57877F22CABC}.Debug|Any CPU.Build.0 = Debug|Any CPU
		{059F9F37-5CD4-48D9-9E26-57877F22CABC}.Release|Any CPU.ActiveCfg = Release|Any CPU
		{059F9F37-5CD4-48D9-9E26-57877F22CABC}.Release|Any CPU.Build.0 = Release|Any CPU
		{C8B065F2-EA80-41E4-B9AF-93E62DFB6EC2}.Debug|Any CPU.ActiveCfg = Debug|Any CPU
		{C8B065F2-EA80-41E4-B9AF-93E62DFB6EC2}.Debug|Any CPU.Build.0 = Debug|Any CPU
		{C8B065F2-EA80-41E4-B9AF-93E62DFB6EC2}.Release|Any CPU.ActiveCfg = Release|Any CPU
		{C8B065F2-EA80-41E4-B9AF-93E62DFB6EC2}.Release|Any CPU.Build.0 = Release|Any CPU
		{D6A0BC0B-3663-4833-8D38-7AA0DE0317D8}.Debug|Any CPU.ActiveCfg = Debug|Any CPU
		{D6A0BC0B-3663-4833-8D38-7AA0DE0317D8}.Debug|Any CPU.Build.0 = Debug|Any CPU
		{D6A0BC0B-3663-4833-8D38-7AA0DE0317D8}.Release|Any CPU.ActiveCfg = Release|Any CPU
		{D6A0BC0B-3663-4833-8D38-7AA0DE0317D8}.Release|Any CPU.Build.0 = Release|Any CPU
		{55CD3581-EAA5-43E0-801F-3CCC15B74D4E}.Debug|Any CPU.ActiveCfg = Debug|Any CPU
		{55CD3581-EAA5-43E0-801F-3CCC15B74D4E}.Debug|Any CPU.Build.0 = Debug|Any CPU
		{55CD3581-EAA5-43E0-801F-3CCC15B74D4E}.Release|Any CPU.ActiveCfg = Release|Any CPU
		{55CD3581-EAA5-43E0-801F-3CCC15B74D4E}.Release|Any CPU.Build.0 = Release|Any CPU
		{3B837D5C-A1EE-4673-A74F-EB8474AE3295}.Debug|Any CPU.ActiveCfg = Debug|Any CPU
		{3B837D5C-A1EE-4673-A74F-EB8474AE3295}.Debug|Any CPU.Build.0 = Debug|Any CPU
		{3B837D5C-A1EE-4673-A74F-EB8474AE3295}.Release|Any CPU.ActiveCfg = Release|Any CPU
		{3B837D5C-A1EE-4673-A74F-EB8474AE3295}.Release|Any CPU.Build.0 = Release|Any CPU
		{EE6704B7-4ADF-4E01-8F18-380B77E41965}.Debug|Any CPU.ActiveCfg = Debug|Any CPU
		{EE6704B7-4ADF-4E01-8F18-380B77E41965}.Debug|Any CPU.Build.0 = Debug|Any CPU
		{EE6704B7-4ADF-4E01-8F18-380B77E41965}.Release|Any CPU.ActiveCfg = Release|Any CPU
		{EE6704B7-4ADF-4E01-8F18-380B77E41965}.Release|Any CPU.Build.0 = Release|Any CPU
		{C4AE57E3-E85A-430E-B595-E5FA5902EFF7}.Debug|Any CPU.ActiveCfg = Debug|Any CPU
		{C4AE57E3-E85A-430E-B595-E5FA5902EFF7}.Debug|Any CPU.Build.0 = Debug|Any CPU
		{C4AE57E3-E85A-430E-B595-E5FA5902EFF7}.Release|Any CPU.ActiveCfg = Release|Any CPU
		{C4AE57E3-E85A-430E-B595-E5FA5902EFF7}.Release|Any CPU.Build.0 = Release|Any CPU
		{FEA7E077-A9A8-4404-93B9-74EE23C787C0}.Debug|Any CPU.ActiveCfg = Debug|Any CPU
		{FEA7E077-A9A8-4404-93B9-74EE23C787C0}.Debug|Any CPU.Build.0 = Debug|Any CPU
		{FEA7E077-A9A8-4404-93B9-74EE23C787C0}.Release|Any CPU.ActiveCfg = Release|Any CPU
		{FEA7E077-A9A8-4404-93B9-74EE23C787C0}.Release|Any CPU.Build.0 = Release|Any CPU
		{8AC7C01F-74F1-4F1A-A05B-8910BB638E7F}.Debug|Any CPU.ActiveCfg = Debug|Any CPU
		{8AC7C01F-74F1-4F1A-A05B-8910BB638E7F}.Debug|Any CPU.Build.0 = Debug|Any CPU
		{8AC7C01F-74F1-4F1A-A05B-8910BB638E7F}.Release|Any CPU.ActiveCfg = Release|Any CPU
		{8AC7C01F-74F1-4F1A-A05B-8910BB638E7F}.Release|Any CPU.Build.0 = Release|Any CPU
		{173F341B-5715-41AE-816B-D7028ABB9D37}.Debug|Any CPU.ActiveCfg = Debug|Any CPU
		{173F341B-5715-41AE-816B-D7028ABB9D37}.Debug|Any CPU.Build.0 = Debug|Any CPU
		{173F341B-5715-41AE-816B-D7028ABB9D37}.Release|Any CPU.ActiveCfg = Release|Any CPU
		{173F341B-5715-41AE-816B-D7028ABB9D37}.Release|Any CPU.Build.0 = Release|Any CPU
		{64C55A59-5F2F-4523-BFEA-2C053071BE91}.Debug|Any CPU.ActiveCfg = Debug|Any CPU
		{64C55A59-5F2F-4523-BFEA-2C053071BE91}.Debug|Any CPU.Build.0 = Debug|Any CPU
		{64C55A59-5F2F-4523-BFEA-2C053071BE91}.Release|Any CPU.ActiveCfg = Release|Any CPU
		{64C55A59-5F2F-4523-BFEA-2C053071BE91}.Release|Any CPU.Build.0 = Release|Any CPU
		{6D9D3C37-C19A-4779-BCA8-C93B70F39275}.Debug|Any CPU.ActiveCfg = Debug|Any CPU
		{6D9D3C37-C19A-4779-BCA8-C93B70F39275}.Debug|Any CPU.Build.0 = Debug|Any CPU
		{6D9D3C37-C19A-4779-BCA8-C93B70F39275}.Release|Any CPU.ActiveCfg = Release|Any CPU
		{6D9D3C37-C19A-4779-BCA8-C93B70F39275}.Release|Any CPU.Build.0 = Release|Any CPU
		{47ECDC85-134D-48D8-88E1-149F773B597F}.Debug|Any CPU.ActiveCfg = Debug|Any CPU
		{47ECDC85-134D-48D8-88E1-149F773B597F}.Debug|Any CPU.Build.0 = Debug|Any CPU
		{47ECDC85-134D-48D8-88E1-149F773B597F}.Release|Any CPU.ActiveCfg = Release|Any CPU
		{47ECDC85-134D-48D8-88E1-149F773B597F}.Release|Any CPU.Build.0 = Release|Any CPU
		{F80E6A27-A327-400C-A35C-867A2EFAD618}.Debug|Any CPU.ActiveCfg = Debug|Any CPU
		{F80E6A27-A327-400C-A35C-867A2EFAD618}.Debug|Any CPU.Build.0 = Debug|Any CPU
		{F80E6A27-A327-400C-A35C-867A2EFAD618}.Release|Any CPU.ActiveCfg = Release|Any CPU
		{F80E6A27-A327-400C-A35C-867A2EFAD618}.Release|Any CPU.Build.0 = Release|Any CPU
	EndGlobalSection
	GlobalSection(SolutionProperties) = preSolution
		HideSolutionNode = FALSE
	EndGlobalSection
	GlobalSection(NestedProjects) = preSolution
		{7C8509E2-AC92-495E-922B-8C8CC713586E} = {355804FF-D33F-408C-8088-63E6A84464C4}
		{355804FF-D33F-408C-8088-63E6A84464C4} = {6C99A79D-BAB2-4907-817C-B3625BB7CB2D}
		{FCC7ADC4-913B-491B-A138-95AA5B1F56DA} = {6C99A79D-BAB2-4907-817C-B3625BB7CB2D}
		{DDE51AE9-D80C-4875-9BF9-4237F013B387} = {6C99A79D-BAB2-4907-817C-B3625BB7CB2D}
		{972B4B9E-8032-45D4-BE08-E3904E2542AF} = {6C99A79D-BAB2-4907-817C-B3625BB7CB2D}
		{A2DBC2A1-641C-4D11-9CD0-5613664C5ACC} = {A0E10ED4-58A1-454B-BE20-C9DBE92E5B14}
		{FD0D890F-50C1-4A5D-8A07-B4072C6FFA4E} = {27C35A14-10FF-4FC7-8FE1-182D14DD6E17}
		{9DF6F94D-D581-45DC-9451-1FBC19958744} = {355804FF-D33F-408C-8088-63E6A84464C4}
		{F23A8BDF-9D71-42F9-86B3-A038B284A8A9} = {355804FF-D33F-408C-8088-63E6A84464C4}
		{3E7088E4-237D-423E-B965-E5FD8BC1A027} = {6C99A79D-BAB2-4907-817C-B3625BB7CB2D}
		{F8193D84-743D-41B7-B1B1-8921D0343B88} = {3E7088E4-237D-423E-B965-E5FD8BC1A027}
		{059F9F37-5CD4-48D9-9E26-57877F22CABC} = {3E7088E4-237D-423E-B965-E5FD8BC1A027}
		{C8B065F2-EA80-41E4-B9AF-93E62DFB6EC2} = {3E7088E4-237D-423E-B965-E5FD8BC1A027}
		{26FA66B8-80FD-4838-BBC0-AA3FD131575E} = {6C99A79D-BAB2-4907-817C-B3625BB7CB2D}
		{D6A0BC0B-3663-4833-8D38-7AA0DE0317D8} = {26FA66B8-80FD-4838-BBC0-AA3FD131575E}
		{55CD3581-EAA5-43E0-801F-3CCC15B74D4E} = {26FA66B8-80FD-4838-BBC0-AA3FD131575E}
		{3B837D5C-A1EE-4673-A74F-EB8474AE3295} = {26FA66B8-80FD-4838-BBC0-AA3FD131575E}
		{8EA5B58B-1A70-494A-82DA-459116B27D13} = {6C99A79D-BAB2-4907-817C-B3625BB7CB2D}
		{EE6704B7-4ADF-4E01-8F18-380B77E41965} = {8EA5B58B-1A70-494A-82DA-459116B27D13}
		{C4AE57E3-E85A-430E-B595-E5FA5902EFF7} = {8EA5B58B-1A70-494A-82DA-459116B27D13}
		{FEA7E077-A9A8-4404-93B9-74EE23C787C0} = {8EA5B58B-1A70-494A-82DA-459116B27D13}
		{8AC7C01F-74F1-4F1A-A05B-8910BB638E7F} = {972B4B9E-8032-45D4-BE08-E3904E2542AF}
		{173F341B-5715-41AE-816B-D7028ABB9D37} = {972B4B9E-8032-45D4-BE08-E3904E2542AF}
		{64C55A59-5F2F-4523-BFEA-2C053071BE91} = {972B4B9E-8032-45D4-BE08-E3904E2542AF}
		{13D1A429-BB21-4285-ADEA-D1D264A8B6A5} = {6C99A79D-BAB2-4907-817C-B3625BB7CB2D}
		{6D9D3C37-C19A-4779-BCA8-C93B70F39275} = {13D1A429-BB21-4285-ADEA-D1D264A8B6A5}
		{47ECDC85-134D-48D8-88E1-149F773B597F} = {13D1A429-BB21-4285-ADEA-D1D264A8B6A5}
		{F80E6A27-A327-400C-A35C-867A2EFAD618} = {13D1A429-BB21-4285-ADEA-D1D264A8B6A5}
	EndGlobalSection
	GlobalSection(ExtensibilityGlobals) = postSolution
		SolutionGuid = {623829FE-6521-4F51-BEB8-48CB433FE059}
	EndGlobalSection
EndGlobal
